// !$*UTF8*$!
{
	archiveVersion = 1;
	classes = {
	};
	objectVersion = 55;
	objects = {

/* Begin PBXBuildFile section */
		500C37E128747AF700D6F3CD /* StationMaster.xcdatamodeld in Sources */ = {isa = PBXBuildFile; fileRef = 500C37DF28747AF700D6F3CD /* StationMaster.xcdatamodeld */; };
		500C37E528747C5400D6F3CD /* Trips.swift in Sources */ = {isa = PBXBuildFile; fileRef = 500C37E428747C5400D6F3CD /* Trips.swift */; };
		500C37E728747CEC00D6F3CD /* DatabaseManageable.swift in Sources */ = {isa = PBXBuildFile; fileRef = 500C37E628747CEC00D6F3CD /* DatabaseManageable.swift */; };
		500C37E928747DC400D6F3CD /* PersistenceController.swift in Sources */ = {isa = PBXBuildFile; fileRef = 500C37E828747DC400D6F3CD /* PersistenceController.swift */; };
		500C37EB28747DF400D6F3CD /* MockHelper.swift in Sources */ = {isa = PBXBuildFile; fileRef = 500C37EA28747DF400D6F3CD /* MockHelper.swift */; };
		500C37F02874A43100D6F3CD /* Helper.swift in Sources */ = {isa = PBXBuildFile; fileRef = 500C37EF2874A43100D6F3CD /* Helper.swift */; };
		502BCBB12873243E00CA0E54 /* SwiftProtobuf in Frameworks */ = {isa = PBXBuildFile; productRef = 502BCBB02873243E00CA0E54 /* SwiftProtobuf */; };
		502BCBB32873243E00CA0E54 /* SwiftProtobufPluginLibrary in Frameworks */ = {isa = PBXBuildFile; productRef = 502BCBB22873243E00CA0E54 /* SwiftProtobufPluginLibrary */; };
		502BCBB52873243E00CA0E54 /* protoc-gen-swift in Frameworks */ = {isa = PBXBuildFile; productRef = 502BCBB42873243E00CA0E54 /* protoc-gen-swift */; };
		502BCBB8287325BE00CA0E54 /* Global.swift in Sources */ = {isa = PBXBuildFile; fileRef = 502BCBB7287325BE00CA0E54 /* Global.swift */; };
		502BCBBC287327B700CA0E54 /* gtfs-realtime.pb.swift in Sources */ = {isa = PBXBuildFile; fileRef = 502BCBBA287327B700CA0E54 /* gtfs-realtime.pb.swift */; };
		502BCBBD287327B700CA0E54 /* gtfs-realtime.proto in Sources */ = {isa = PBXBuildFile; fileRef = 502BCBBB287327B700CA0E54 /* gtfs-realtime.proto */; };
		502BCBBF28732C2A00CA0E54 /* HomeViewModel.swift in Sources */ = {isa = PBXBuildFile; fileRef = 502BCBBE28732C2A00CA0E54 /* HomeViewModel.swift */; };
		502BCBC128732C5600CA0E54 /* AlertView.swift in Sources */ = {isa = PBXBuildFile; fileRef = 502BCBC028732C5600CA0E54 /* AlertView.swift */; };
		502BCBC428732C9B00CA0E54 /* StringEntension.swift in Sources */ = {isa = PBXBuildFile; fileRef = 502BCBC328732C9B00CA0E54 /* StringEntension.swift */; };
		502BCBC828732D6F00CA0E54 /* AppError.swift in Sources */ = {isa = PBXBuildFile; fileRef = 502BCBC728732D6F00CA0E54 /* AppError.swift */; };
		502BCBCA28732DA400CA0E54 /* TrafficDataManager.swift in Sources */ = {isa = PBXBuildFile; fileRef = 502BCBC928732DA400CA0E54 /* TrafficDataManager.swift */; };
		5069BC532875C693002BDB94 /* TabedViewModel.swift in Sources */ = {isa = PBXBuildFile; fileRef = 5069BC522875C693002BDB94 /* TabedViewModel.swift */; };
		5069BC5F2875C7E3002BDB94 /* routes.txt in Resources */ = {isa = PBXBuildFile; fileRef = 5069BC542875C7DE002BDB94 /* routes.txt */; };
		5069BC602875C7E3002BDB94 /* stops.txt in Resources */ = {isa = PBXBuildFile; fileRef = 5069BC552875C7DE002BDB94 /* stops.txt */; };
		5069BC612875C7E3002BDB94 /* feed_info.txt in Resources */ = {isa = PBXBuildFile; fileRef = 5069BC562875C7DE002BDB94 /* feed_info.txt */; };
		5069BC622875C7E3002BDB94 /*  trips.txt in Resources */ = {isa = PBXBuildFile; fileRef = 5069BC572875C7DE002BDB94 /*  trips.txt */; };
		5069BC632875C7E3002BDB94 /* attributions.txt in Resources */ = {isa = PBXBuildFile; fileRef = 5069BC582875C7DE002BDB94 /* attributions.txt */; };
		5069BC642875C7E3002BDB94 /* agency.txt in Resources */ = {isa = PBXBuildFile; fileRef = 5069BC592875C7DE002BDB94 /* agency.txt */; };
		5069BC652875C7E3002BDB94 /* calendar.txt in Resources */ = {isa = PBXBuildFile; fileRef = 5069BC5A2875C7DE002BDB94 /* calendar.txt */; };
		5069BC662875C7E3002BDB94 /* shapes.txt in Resources */ = {isa = PBXBuildFile; fileRef = 5069BC5B2875C7E0002BDB94 /* shapes.txt */; };
		5069BC672875C7E3002BDB94 /* transfers.txt in Resources */ = {isa = PBXBuildFile; fileRef = 5069BC5C2875C7E1002BDB94 /* transfers.txt */; };
		5069BC682875C7E3002BDB94 /* stop_times.txt in Resources */ = {isa = PBXBuildFile; fileRef = 5069BC5D2875C7E3002BDB94 /* stop_times.txt */; };
		5069BC692875C7E3002BDB94 /* calendar_dates.txt in Resources */ = {isa = PBXBuildFile; fileRef = 5069BC5E2875C7E3002BDB94 /* calendar_dates.txt */; };
		5069BC6B2875CB0C002BDB94 /* UserDefaultsKey.swift in Sources */ = {isa = PBXBuildFile; fileRef = 5069BC6A2875CB0C002BDB94 /* UserDefaultsKey.swift */; };
		50704952287434740067BEDA /* DatasetDownloadManager.swift in Sources */ = {isa = PBXBuildFile; fileRef = 50704951287434740067BEDA /* DatasetDownloadManager.swift */; };
		50704956287450990067BEDA /* ZIPFoundation in Frameworks */ = {isa = PBXBuildFile; productRef = 50704955287450990067BEDA /* ZIPFoundation */; };
		50AA7184286F583000BEE24A /* StationmasterApp.swift in Sources */ = {isa = PBXBuildFile; fileRef = 50AA7183286F583000BEE24A /* StationmasterApp.swift */; };
		50AA7186286F583000BEE24A /* TabedView.swift in Sources */ = {isa = PBXBuildFile; fileRef = 50AA7185286F583000BEE24A /* TabedView.swift */; };
		50AA7188286F583200BEE24A /* Assets.xcassets in Resources */ = {isa = PBXBuildFile; fileRef = 50AA7187286F583200BEE24A /* Assets.xcassets */; };
		50AA718B286F583200BEE24A /* Preview Assets.xcassets in Resources */ = {isa = PBXBuildFile; fileRef = 50AA718A286F583200BEE24A /* Preview Assets.xcassets */; };
		50AA7199286F5AA800BEE24A /* RouteView.swift in Sources */ = {isa = PBXBuildFile; fileRef = 50AA7198286F5AA800BEE24A /* RouteView.swift */; };
		50AA719B286F5AE500BEE24A /* ModeView.swift in Sources */ = {isa = PBXBuildFile; fileRef = 50AA719A286F5AE500BEE24A /* ModeView.swift */; };
		50AA719D286F5B1600BEE24A /* CardView.swift in Sources */ = {isa = PBXBuildFile; fileRef = 50AA719C286F5B1600BEE24A /* CardView.swift */; };
		50AA71A0286F5B3600BEE24A /* AboutView.swift in Sources */ = {isa = PBXBuildFile; fileRef = 50AA719F286F5B3600BEE24A /* AboutView.swift */; };
		50AA71A2286F5B6000BEE24A /* HomeView.swift in Sources */ = {isa = PBXBuildFile; fileRef = 50AA71A1286F5B6000BEE24A /* HomeView.swift */; };
		50AA71A5286F5BE200BEE24A /* AppColor.swift in Sources */ = {isa = PBXBuildFile; fileRef = 50AA71A4286F5BE200BEE24A /* AppColor.swift */; };
		50AA71A7286F5C9900BEE24A /* AppFont.swift in Sources */ = {isa = PBXBuildFile; fileRef = 50AA71A6286F5C9900BEE24A /* AppFont.swift */; };
		50CF860F287003D1000B2373 /* Marquee.swift in Sources */ = {isa = PBXBuildFile; fileRef = 50CF860E287003D1000B2373 /* Marquee.swift */; };
		50FBF2FC28759D4F0018C077 /* DatasetAdderManager.swift in Sources */ = {isa = PBXBuildFile; fileRef = 50FBF2FB28759D4F0018C077 /* DatasetAdderManager.swift */; };
		50FBF2FE2875A54F0018C077 /* Agency.swift in Sources */ = {isa = PBXBuildFile; fileRef = 50FBF2FD2875A54F0018C077 /* Agency.swift */; };
		50FBF3002875A5590018C077 /* Attributions.swift in Sources */ = {isa = PBXBuildFile; fileRef = 50FBF2FF2875A5590018C077 /* Attributions.swift */; };
		50FBF3022875A5630018C077 /* Calendardates.swift in Sources */ = {isa = PBXBuildFile; fileRef = 50FBF3012875A5630018C077 /* Calendardates.swift */; };
		50FBF3042875A56B0018C077 /* Calendar.swift in Sources */ = {isa = PBXBuildFile; fileRef = 50FBF3032875A56B0018C077 /* Calendar.swift */; };
		50FBF3062875A5890018C077 /* Feedinfo.swift in Sources */ = {isa = PBXBuildFile; fileRef = 50FBF3052875A5890018C077 /* Feedinfo.swift */; };
		50FBF3082875A5910018C077 /* Routes.swift in Sources */ = {isa = PBXBuildFile; fileRef = 50FBF3072875A5910018C077 /* Routes.swift */; };
		50FBF30A2875A5970018C077 /* Shapes.swift in Sources */ = {isa = PBXBuildFile; fileRef = 50FBF3092875A5970018C077 /* Shapes.swift */; };
		50FBF30C2875A59F0018C077 /* Stoptimes.swift in Sources */ = {isa = PBXBuildFile; fileRef = 50FBF30B2875A59F0018C077 /* Stoptimes.swift */; };
		50FBF30E2875A5A90018C077 /* Stops.swift in Sources */ = {isa = PBXBuildFile; fileRef = 50FBF30D2875A5A90018C077 /* Stops.swift */; };
		50FBF3102875A5B30018C077 /* Transfers.swift in Sources */ = {isa = PBXBuildFile; fileRef = 50FBF30F2875A5B30018C077 /* Transfers.swift */; };
		50FBF3122875B21B0018C077 /* DatasetCleanerManager.swift in Sources */ = {isa = PBXBuildFile; fileRef = 50FBF3112875B21B0018C077 /* DatasetCleanerManager.swift */; };
/* End PBXBuildFile section */

/* Begin PBXFileReference section */
		500C37E028747AF700D6F3CD /* StationMaster.xcdatamodel */ = {isa = PBXFileReference; lastKnownFileType = wrapper.xcdatamodel; path = StationMaster.xcdatamodel; sourceTree = "<group>"; };
		500C37E428747C5400D6F3CD /* Trips.swift */ = {isa = PBXFileReference; lastKnownFileType = sourcecode.swift; path = Trips.swift; sourceTree = "<group>"; };
		500C37E628747CEC00D6F3CD /* DatabaseManageable.swift */ = {isa = PBXFileReference; lastKnownFileType = sourcecode.swift; path = DatabaseManageable.swift; sourceTree = "<group>"; };
		500C37E828747DC400D6F3CD /* PersistenceController.swift */ = {isa = PBXFileReference; lastKnownFileType = sourcecode.swift; path = PersistenceController.swift; sourceTree = "<group>"; };
		500C37EA28747DF400D6F3CD /* MockHelper.swift */ = {isa = PBXFileReference; lastKnownFileType = sourcecode.swift; path = MockHelper.swift; sourceTree = "<group>"; };
		500C37EF2874A43100D6F3CD /* Helper.swift */ = {isa = PBXFileReference; lastKnownFileType = sourcecode.swift; path = Helper.swift; sourceTree = "<group>"; };
		502BCBB7287325BE00CA0E54 /* Global.swift */ = {isa = PBXFileReference; lastKnownFileType = sourcecode.swift; path = Global.swift; sourceTree = "<group>"; };
		502BCBBA287327B700CA0E54 /* gtfs-realtime.pb.swift */ = {isa = PBXFileReference; fileEncoding = 4; lastKnownFileType = sourcecode.swift; path = "gtfs-realtime.pb.swift"; sourceTree = "<group>"; };
		502BCBBB287327B700CA0E54 /* gtfs-realtime.proto */ = {isa = PBXFileReference; fileEncoding = 4; lastKnownFileType = sourcecode.protobuf; path = "gtfs-realtime.proto"; sourceTree = "<group>"; };
		502BCBBE28732C2A00CA0E54 /* HomeViewModel.swift */ = {isa = PBXFileReference; lastKnownFileType = sourcecode.swift; path = HomeViewModel.swift; sourceTree = "<group>"; };
		502BCBC028732C5600CA0E54 /* AlertView.swift */ = {isa = PBXFileReference; lastKnownFileType = sourcecode.swift; path = AlertView.swift; sourceTree = "<group>"; };
		502BCBC328732C9B00CA0E54 /* StringEntension.swift */ = {isa = PBXFileReference; lastKnownFileType = sourcecode.swift; path = StringEntension.swift; sourceTree = "<group>"; };
		502BCBC728732D6F00CA0E54 /* AppError.swift */ = {isa = PBXFileReference; lastKnownFileType = sourcecode.swift; path = AppError.swift; sourceTree = "<group>"; };
		502BCBC928732DA400CA0E54 /* TrafficDataManager.swift */ = {isa = PBXFileReference; lastKnownFileType = sourcecode.swift; path = TrafficDataManager.swift; sourceTree = "<group>"; };
		5069BC522875C693002BDB94 /* TabedViewModel.swift */ = {isa = PBXFileReference; lastKnownFileType = sourcecode.swift; path = TabedViewModel.swift; sourceTree = "<group>"; };
		5069BC542875C7DE002BDB94 /* routes.txt */ = {isa = PBXFileReference; fileEncoding = 4; lastKnownFileType = text; path = routes.txt; sourceTree = "<group>"; };
		5069BC552875C7DE002BDB94 /* stops.txt */ = {isa = PBXFileReference; fileEncoding = 4; lastKnownFileType = text; path = stops.txt; sourceTree = "<group>"; };
		5069BC562875C7DE002BDB94 /* feed_info.txt */ = {isa = PBXFileReference; fileEncoding = 4; lastKnownFileType = text; path = feed_info.txt; sourceTree = "<group>"; };
		5069BC572875C7DE002BDB94 /*  trips.txt */ = {isa = PBXFileReference; fileEncoding = 4; lastKnownFileType = text; path = " trips.txt"; sourceTree = "<group>"; };
		5069BC582875C7DE002BDB94 /* attributions.txt */ = {isa = PBXFileReference; fileEncoding = 4; lastKnownFileType = text; path = attributions.txt; sourceTree = "<group>"; };
		5069BC592875C7DE002BDB94 /* agency.txt */ = {isa = PBXFileReference; fileEncoding = 4; lastKnownFileType = text; path = agency.txt; sourceTree = "<group>"; };
		5069BC5A2875C7DE002BDB94 /* calendar.txt */ = {isa = PBXFileReference; fileEncoding = 4; lastKnownFileType = text; path = calendar.txt; sourceTree = "<group>"; };
		5069BC5B2875C7E0002BDB94 /* shapes.txt */ = {isa = PBXFileReference; fileEncoding = 4; lastKnownFileType = text; path = shapes.txt; sourceTree = "<group>"; };
		5069BC5C2875C7E1002BDB94 /* transfers.txt */ = {isa = PBXFileReference; fileEncoding = 4; lastKnownFileType = text; path = transfers.txt; sourceTree = "<group>"; };
		5069BC5D2875C7E3002BDB94 /* stop_times.txt */ = {isa = PBXFileReference; fileEncoding = 4; lastKnownFileType = text; path = stop_times.txt; sourceTree = "<group>"; };
		5069BC5E2875C7E3002BDB94 /* calendar_dates.txt */ = {isa = PBXFileReference; fileEncoding = 4; lastKnownFileType = text; path = calendar_dates.txt; sourceTree = "<group>"; };
		5069BC6A2875CB0C002BDB94 /* UserDefaultsKey.swift */ = {isa = PBXFileReference; lastKnownFileType = sourcecode.swift; path = UserDefaultsKey.swift; sourceTree = "<group>"; };
		50704951287434740067BEDA /* DatasetDownloadManager.swift */ = {isa = PBXFileReference; lastKnownFileType = sourcecode.swift; path = DatasetDownloadManager.swift; sourceTree = "<group>"; };
		50704953287449940067BEDA /* Info.plist */ = {isa = PBXFileReference; lastKnownFileType = text.plist; path = Info.plist; sourceTree = "<group>"; };
		50AA7180286F583000BEE24A /* Stationmaster.app */ = {isa = PBXFileReference; explicitFileType = wrapper.application; includeInIndex = 0; path = Stationmaster.app; sourceTree = BUILT_PRODUCTS_DIR; };
		50AA7183286F583000BEE24A /* StationmasterApp.swift */ = {isa = PBXFileReference; lastKnownFileType = sourcecode.swift; path = StationmasterApp.swift; sourceTree = "<group>"; };
		50AA7185286F583000BEE24A /* TabedView.swift */ = {isa = PBXFileReference; lastKnownFileType = sourcecode.swift; path = TabedView.swift; sourceTree = "<group>"; };
		50AA7187286F583200BEE24A /* Assets.xcassets */ = {isa = PBXFileReference; lastKnownFileType = folder.assetcatalog; path = Assets.xcassets; sourceTree = "<group>"; };
		50AA718A286F583200BEE24A /* Preview Assets.xcassets */ = {isa = PBXFileReference; lastKnownFileType = folder.assetcatalog; path = "Preview Assets.xcassets"; sourceTree = "<group>"; };
		50AA7198286F5AA800BEE24A /* RouteView.swift */ = {isa = PBXFileReference; lastKnownFileType = sourcecode.swift; path = RouteView.swift; sourceTree = "<group>"; };
		50AA719A286F5AE500BEE24A /* ModeView.swift */ = {isa = PBXFileReference; lastKnownFileType = sourcecode.swift; path = ModeView.swift; sourceTree = "<group>"; };
		50AA719C286F5B1600BEE24A /* CardView.swift */ = {isa = PBXFileReference; lastKnownFileType = sourcecode.swift; path = CardView.swift; sourceTree = "<group>"; };
		50AA719F286F5B3600BEE24A /* AboutView.swift */ = {isa = PBXFileReference; lastKnownFileType = sourcecode.swift; path = AboutView.swift; sourceTree = "<group>"; };
		50AA71A1286F5B6000BEE24A /* HomeView.swift */ = {isa = PBXFileReference; lastKnownFileType = sourcecode.swift; path = HomeView.swift; sourceTree = "<group>"; };
		50AA71A4286F5BE200BEE24A /* AppColor.swift */ = {isa = PBXFileReference; lastKnownFileType = sourcecode.swift; path = AppColor.swift; sourceTree = "<group>"; };
		50AA71A6286F5C9900BEE24A /* AppFont.swift */ = {isa = PBXFileReference; lastKnownFileType = sourcecode.swift; path = AppFont.swift; sourceTree = "<group>"; };
		50CF860E287003D1000B2373 /* Marquee.swift */ = {isa = PBXFileReference; lastKnownFileType = sourcecode.swift; path = Marquee.swift; sourceTree = "<group>"; };
		50FBF2FB28759D4F0018C077 /* DatasetAdderManager.swift */ = {isa = PBXFileReference; lastKnownFileType = sourcecode.swift; path = DatasetAdderManager.swift; sourceTree = "<group>"; };
		50FBF2FD2875A54F0018C077 /* Agency.swift */ = {isa = PBXFileReference; lastKnownFileType = sourcecode.swift; path = Agency.swift; sourceTree = "<group>"; };
		50FBF2FF2875A5590018C077 /* Attributions.swift */ = {isa = PBXFileReference; lastKnownFileType = sourcecode.swift; path = Attributions.swift; sourceTree = "<group>"; };
		50FBF3012875A5630018C077 /* Calendardates.swift */ = {isa = PBXFileReference; lastKnownFileType = sourcecode.swift; path = Calendardates.swift; sourceTree = "<group>"; };
		50FBF3032875A56B0018C077 /* Calendar.swift */ = {isa = PBXFileReference; lastKnownFileType = sourcecode.swift; path = Calendar.swift; sourceTree = "<group>"; };
		50FBF3052875A5890018C077 /* Feedinfo.swift */ = {isa = PBXFileReference; lastKnownFileType = sourcecode.swift; path = Feedinfo.swift; sourceTree = "<group>"; };
		50FBF3072875A5910018C077 /* Routes.swift */ = {isa = PBXFileReference; lastKnownFileType = sourcecode.swift; path = Routes.swift; sourceTree = "<group>"; };
		50FBF3092875A5970018C077 /* Shapes.swift */ = {isa = PBXFileReference; lastKnownFileType = sourcecode.swift; path = Shapes.swift; sourceTree = "<group>"; };
		50FBF30B2875A59F0018C077 /* Stoptimes.swift */ = {isa = PBXFileReference; lastKnownFileType = sourcecode.swift; path = Stoptimes.swift; sourceTree = "<group>"; };
		50FBF30D2875A5A90018C077 /* Stops.swift */ = {isa = PBXFileReference; lastKnownFileType = sourcecode.swift; path = Stops.swift; sourceTree = "<group>"; };
		50FBF30F2875A5B30018C077 /* Transfers.swift */ = {isa = PBXFileReference; lastKnownFileType = sourcecode.swift; path = Transfers.swift; sourceTree = "<group>"; };
		50FBF3112875B21B0018C077 /* DatasetCleanerManager.swift */ = {isa = PBXFileReference; lastKnownFileType = sourcecode.swift; path = DatasetCleanerManager.swift; sourceTree = "<group>"; };
/* End PBXFileReference section */

/* Begin PBXFrameworksBuildPhase section */
		50AA717D286F583000BEE24A /* Frameworks */ = {
			isa = PBXFrameworksBuildPhase;
			buildActionMask = 2147483647;
			files = (
				502BCBB32873243E00CA0E54 /* SwiftProtobufPluginLibrary in Frameworks */,
				502BCBB12873243E00CA0E54 /* SwiftProtobuf in Frameworks */,
				502BCBB52873243E00CA0E54 /* protoc-gen-swift in Frameworks */,
				50704956287450990067BEDA /* ZIPFoundation in Frameworks */,
			);
			runOnlyForDeploymentPostprocessing = 0;
		};
/* End PBXFrameworksBuildPhase section */

/* Begin PBXGroup section */
		500C37E228747C3B00D6F3CD /* Database */ = {
			isa = PBXGroup;
			children = (
				50FBF2E428759BAE0018C077 /* SL */,
				500C37E328747C4500D6F3CD /* Models */,
				500C37E628747CEC00D6F3CD /* DatabaseManageable.swift */,
				500C37E828747DC400D6F3CD /* PersistenceController.swift */,
				500C37EA28747DF400D6F3CD /* MockHelper.swift */,
			);
			path = Database;
			sourceTree = "<group>";
		};
		500C37E328747C4500D6F3CD /* Models */ = {
			isa = PBXGroup;
			children = (
				500C37E428747C5400D6F3CD /* Trips.swift */,
				50FBF2FD2875A54F0018C077 /* Agency.swift */,
				50FBF2FF2875A5590018C077 /* Attributions.swift */,
				50FBF3012875A5630018C077 /* Calendardates.swift */,
				50FBF3032875A56B0018C077 /* Calendar.swift */,
				50FBF3052875A5890018C077 /* Feedinfo.swift */,
				50FBF3072875A5910018C077 /* Routes.swift */,
				50FBF3092875A5970018C077 /* Shapes.swift */,
				50FBF30B2875A59F0018C077 /* Stoptimes.swift */,
				50FBF30D2875A5A90018C077 /* Stops.swift */,
				50FBF30F2875A5B30018C077 /* Transfers.swift */,
			);
			path = Models;
			sourceTree = "<group>";
		};
		502BCBB6287325A800CA0E54 /* Global */ = {
			isa = PBXGroup;
			children = (
				502BCBB7287325BE00CA0E54 /* Global.swift */,
			);
			path = Global;
			sourceTree = "<group>";
		};
		502BCBB9287327B700CA0E54 /* Protocol buffers */ = {
			isa = PBXGroup;
			children = (
				502BCBBA287327B700CA0E54 /* gtfs-realtime.pb.swift */,
				502BCBBB287327B700CA0E54 /* gtfs-realtime.proto */,
			);
			path = "Protocol buffers";
			sourceTree = SOURCE_ROOT;
		};
		502BCBC228732C8A00CA0E54 /* Helpers */ = {
			isa = PBXGroup;
			children = (
				502BCBC328732C9B00CA0E54 /* StringEntension.swift */,
				500C37EF2874A43100D6F3CD /* Helper.swift */,
			);
			path = Helpers;
			sourceTree = "<group>";
		};
		502BCBC528732D5E00CA0E54 /* Network */ = {
			isa = PBXGroup;
			children = (
				502BCBC628732D6700CA0E54 /* Model */,
				502BCBC928732DA400CA0E54 /* TrafficDataManager.swift */,
				50704951287434740067BEDA /* DatasetDownloadManager.swift */,
				50FBF2FB28759D4F0018C077 /* DatasetAdderManager.swift */,
				50FBF3112875B21B0018C077 /* DatasetCleanerManager.swift */,
				5069BC6A2875CB0C002BDB94 /* UserDefaultsKey.swift */,
			);
			path = Network;
			sourceTree = "<group>";
		};
		502BCBC628732D6700CA0E54 /* Model */ = {
			isa = PBXGroup;
			children = (
				502BCBC728732D6F00CA0E54 /* AppError.swift */,
			);
			path = Model;
			sourceTree = "<group>";
		};
		50AA7177286F583000BEE24A = {
			isa = PBXGroup;
			children = (
				50AA7182286F583000BEE24A /* Stationmaster */,
				50AA7181286F583000BEE24A /* Products */,
			);
			sourceTree = "<group>";
		};
		50AA7181286F583000BEE24A /* Products */ = {
			isa = PBXGroup;
			children = (
				50AA7180286F583000BEE24A /* Stationmaster.app */,
			);
			name = Products;
			sourceTree = "<group>";
		};
		50AA7182286F583000BEE24A /* Stationmaster */ = {
			isa = PBXGroup;
			children = (
				50704953287449940067BEDA /* Info.plist */,
				500C37E228747C3B00D6F3CD /* Database */,
				502BCBC528732D5E00CA0E54 /* Network */,
				502BCBB9287327B700CA0E54 /* Protocol buffers */,
				502BCBB6287325A800CA0E54 /* Global */,
				50AA71A3286F5BD800BEE24A /* Design */,
				502BCBC228732C8A00CA0E54 /* Helpers */,
				50AA7191286F599500BEE24A /* Module */,
				50AA7183286F583000BEE24A /* StationmasterApp.swift */,
				50AA7187286F583200BEE24A /* Assets.xcassets */,
				50AA7189286F583200BEE24A /* Preview Content */,
				500C37DF28747AF700D6F3CD /* StationMaster.xcdatamodeld */,
			);
			path = Stationmaster;
			sourceTree = "<group>";
		};
		50AA7189286F583200BEE24A /* Preview Content */ = {
			isa = PBXGroup;
			children = (
				50AA718A286F583200BEE24A /* Preview Assets.xcassets */,
			);
			path = "Preview Content";
			sourceTree = "<group>";
		};
		50AA7191286F599500BEE24A /* Module */ = {
			isa = PBXGroup;
			children = (
				50CF860D287003C5000B2373 /* Components */,
				50AA7194286F59D700BEE24A /* About */,
				50AA7197286F5A9A00BEE24A /* Route */,
				50AA7195286F5A5400BEE24A /* Card */,
				50AA7196286F5A7D00BEE24A /* Mode */,
				50AA7193286F59D200BEE24A /* Home */,
				50AA7192286F599F00BEE24A /* Main */,
			);
			path = Module;
			sourceTree = "<group>";
		};
		50AA7192286F599F00BEE24A /* Main */ = {
			isa = PBXGroup;
			children = (
				50AA7185286F583000BEE24A /* TabedView.swift */,
				5069BC522875C693002BDB94 /* TabedViewModel.swift */,
			);
			path = Main;
			sourceTree = "<group>";
		};
		50AA7193286F59D200BEE24A /* Home */ = {
			isa = PBXGroup;
			children = (
				50AA71A1286F5B6000BEE24A /* HomeView.swift */,
				502BCBBE28732C2A00CA0E54 /* HomeViewModel.swift */,
			);
			path = Home;
			sourceTree = "<group>";
		};
		50AA7194286F59D700BEE24A /* About */ = {
			isa = PBXGroup;
			children = (
				50AA719F286F5B3600BEE24A /* AboutView.swift */,
			);
			path = About;
			sourceTree = "<group>";
		};
		50AA7195286F5A5400BEE24A /* Card */ = {
			isa = PBXGroup;
			children = (
				50AA719C286F5B1600BEE24A /* CardView.swift */,
			);
			path = Card;
			sourceTree = "<group>";
		};
		50AA7196286F5A7D00BEE24A /* Mode */ = {
			isa = PBXGroup;
			children = (
				50AA719A286F5AE500BEE24A /* ModeView.swift */,
			);
			path = Mode;
			sourceTree = "<group>";
		};
		50AA7197286F5A9A00BEE24A /* Route */ = {
			isa = PBXGroup;
			children = (
				50AA7198286F5AA800BEE24A /* RouteView.swift */,
			);
			path = Route;
			sourceTree = "<group>";
		};
		50AA71A3286F5BD800BEE24A /* Design */ = {
			isa = PBXGroup;
			children = (
				50AA71A4286F5BE200BEE24A /* AppColor.swift */,
				50AA71A6286F5C9900BEE24A /* AppFont.swift */,
			);
			path = Design;
			sourceTree = "<group>";
		};
		50CF860D287003C5000B2373 /* Components */ = {
			isa = PBXGroup;
			children = (
				50CF860E287003D1000B2373 /* Marquee.swift */,
				502BCBC028732C5600CA0E54 /* AlertView.swift */,
			);
			path = Components;
			sourceTree = "<group>";
		};
		50FBF2E428759BAE0018C077 /* SL */ = {
			isa = PBXGroup;
			children = (
				5069BC572875C7DE002BDB94 /*  trips.txt */,
				5069BC592875C7DE002BDB94 /* agency.txt */,
				5069BC582875C7DE002BDB94 /* attributions.txt */,
				5069BC5E2875C7E3002BDB94 /* calendar_dates.txt */,
				5069BC5A2875C7DE002BDB94 /* calendar.txt */,
				5069BC562875C7DE002BDB94 /* feed_info.txt */,
				5069BC542875C7DE002BDB94 /* routes.txt */,
				5069BC5B2875C7E0002BDB94 /* shapes.txt */,
				5069BC5D2875C7E3002BDB94 /* stop_times.txt */,
				5069BC552875C7DE002BDB94 /* stops.txt */,
				5069BC5C2875C7E1002BDB94 /* transfers.txt */,
			);
			path = SL;
			sourceTree = "<group>";
		};
/* End PBXGroup section */

/* Begin PBXNativeTarget section */
		50AA717F286F583000BEE24A /* Stationmaster */ = {
			isa = PBXNativeTarget;
			buildConfigurationList = 50AA718E286F583200BEE24A /* Build configuration list for PBXNativeTarget "Stationmaster" */;
			buildPhases = (
				50AA717C286F583000BEE24A /* Sources */,
				50AA717D286F583000BEE24A /* Frameworks */,
				50AA717E286F583000BEE24A /* Resources */,
			);
			buildRules = (
			);
			dependencies = (
			);
			name = Stationmaster;
			packageProductDependencies = (
				502BCBB02873243E00CA0E54 /* SwiftProtobuf */,
				502BCBB22873243E00CA0E54 /* SwiftProtobufPluginLibrary */,
				502BCBB42873243E00CA0E54 /* protoc-gen-swift */,
				50704955287450990067BEDA /* ZIPFoundation */,
			);
			productName = Stationmaster;
			productReference = 50AA7180286F583000BEE24A /* Stationmaster.app */;
			productType = "com.apple.product-type.application";
		};
/* End PBXNativeTarget section */

/* Begin PBXProject section */
		50AA7178286F583000BEE24A /* Project object */ = {
			isa = PBXProject;
			attributes = {
				BuildIndependentTargetsInParallel = 1;
				LastSwiftUpdateCheck = 1340;
				LastUpgradeCheck = 1340;
				TargetAttributes = {
					50AA717F286F583000BEE24A = {
						CreatedOnToolsVersion = 13.4;
					};
				};
			};
			buildConfigurationList = 50AA717B286F583000BEE24A /* Build configuration list for PBXProject "Stationmaster" */;
			compatibilityVersion = "Xcode 13.0";
			developmentRegion = en;
			hasScannedForEncodings = 0;
			knownRegions = (
				en,
				Base,
			);
			mainGroup = 50AA7177286F583000BEE24A;
			packageReferences = (
				502BCBAF2873243E00CA0E54 /* XCRemoteSwiftPackageReference "swift-protobuf" */,
				50704954287450990067BEDA /* XCRemoteSwiftPackageReference "ZIPFoundation" */,
			);
			productRefGroup = 50AA7181286F583000BEE24A /* Products */;
			projectDirPath = "";
			projectRoot = "";
			targets = (
				50AA717F286F583000BEE24A /* Stationmaster */,
			);
		};
/* End PBXProject section */

/* Begin PBXResourcesBuildPhase section */
		50AA717E286F583000BEE24A /* Resources */ = {
			isa = PBXResourcesBuildPhase;
			buildActionMask = 2147483647;
			files = (
				5069BC662875C7E3002BDB94 /* shapes.txt in Resources */,
				5069BC622875C7E3002BDB94 /*  trips.txt in Resources */,
				5069BC612875C7E3002BDB94 /* feed_info.txt in Resources */,
				5069BC602875C7E3002BDB94 /* stops.txt in Resources */,
				5069BC672875C7E3002BDB94 /* transfers.txt in Resources */,
				5069BC632875C7E3002BDB94 /* attributions.txt in Resources */,
				50AA718B286F583200BEE24A /* Preview Assets.xcassets in Resources */,
				50AA7188286F583200BEE24A /* Assets.xcassets in Resources */,
				5069BC652875C7E3002BDB94 /* calendar.txt in Resources */,
				5069BC5F2875C7E3002BDB94 /* routes.txt in Resources */,
				5069BC642875C7E3002BDB94 /* agency.txt in Resources */,
				5069BC682875C7E3002BDB94 /* stop_times.txt in Resources */,
				5069BC692875C7E3002BDB94 /* calendar_dates.txt in Resources */,
			);
			runOnlyForDeploymentPostprocessing = 0;
		};
/* End PBXResourcesBuildPhase section */

/* Begin PBXSourcesBuildPhase section */
		50AA717C286F583000BEE24A /* Sources */ = {
			isa = PBXSourcesBuildPhase;
			buildActionMask = 2147483647;
			files = (
				50AA7186286F583000BEE24A /* TabedView.swift in Sources */,
				50FBF3122875B21B0018C077 /* DatasetCleanerManager.swift in Sources */,
				50FBF2FE2875A54F0018C077 /* Agency.swift in Sources */,
				50FBF2FC28759D4F0018C077 /* DatasetAdderManager.swift in Sources */,
				500C37E928747DC400D6F3CD /* PersistenceController.swift in Sources */,
				50AA71A5286F5BE200BEE24A /* AppColor.swift in Sources */,
				50CF860F287003D1000B2373 /* Marquee.swift in Sources */,
				50AA71A7286F5C9900BEE24A /* AppFont.swift in Sources */,
				500C37E128747AF700D6F3CD /* StationMaster.xcdatamodeld in Sources */,
				5069BC532875C693002BDB94 /* TabedViewModel.swift in Sources */,
				50FBF30A2875A5970018C077 /* Shapes.swift in Sources */,
				502BCBC828732D6F00CA0E54 /* AppError.swift in Sources */,
				50FBF3082875A5910018C077 /* Routes.swift in Sources */,
				502BCBBD287327B700CA0E54 /* gtfs-realtime.proto in Sources */,
				502BCBC128732C5600CA0E54 /* AlertView.swift in Sources */,
				5069BC6B2875CB0C002BDB94 /* UserDefaultsKey.swift in Sources */,
				50704952287434740067BEDA /* DatasetDownloadManager.swift in Sources */,
				50AA71A2286F5B6000BEE24A /* HomeView.swift in Sources */,
				50FBF3002875A5590018C077 /* Attributions.swift in Sources */,
				502BCBBC287327B700CA0E54 /* gtfs-realtime.pb.swift in Sources */,
				50AA719B286F5AE500BEE24A /* ModeView.swift in Sources */,
				50FBF3102875A5B30018C077 /* Transfers.swift in Sources */,
				500C37E528747C5400D6F3CD /* Trips.swift in Sources */,
				500C37E728747CEC00D6F3CD /* DatabaseManageable.swift in Sources */,
				502BCBB8287325BE00CA0E54 /* Global.swift in Sources */,
				50FBF3042875A56B0018C077 /* Calendar.swift in Sources */,
				502BCBC428732C9B00CA0E54 /* StringEntension.swift in Sources */,
				502BCBBF28732C2A00CA0E54 /* HomeViewModel.swift in Sources */,
				502BCBCA28732DA400CA0E54 /* TrafficDataManager.swift in Sources */,
				50AA7199286F5AA800BEE24A /* RouteView.swift in Sources */,
				50FBF30C2875A59F0018C077 /* Stoptimes.swift in Sources */,
				50FBF3022875A5630018C077 /* Calendardates.swift in Sources */,
				50AA7184286F583000BEE24A /* StationmasterApp.swift in Sources */,
				50FBF30E2875A5A90018C077 /* Stops.swift in Sources */,
				500C37EB28747DF400D6F3CD /* MockHelper.swift in Sources */,
				500C37F02874A43100D6F3CD /* Helper.swift in Sources */,
				50AA71A0286F5B3600BEE24A /* AboutView.swift in Sources */,
				50AA719D286F5B1600BEE24A /* CardView.swift in Sources */,
				50FBF3062875A5890018C077 /* Feedinfo.swift in Sources */,
			);
			runOnlyForDeploymentPostprocessing = 0;
		};
/* End PBXSourcesBuildPhase section */

/* Begin XCBuildConfiguration section */
		50AA718C286F583200BEE24A /* Debug */ = {
			isa = XCBuildConfiguration;
			buildSettings = {
				ALWAYS_SEARCH_USER_PATHS = NO;
				CLANG_ANALYZER_NONNULL = YES;
				CLANG_ANALYZER_NUMBER_OBJECT_CONVERSION = YES_AGGRESSIVE;
				CLANG_CXX_LANGUAGE_STANDARD = "gnu++17";
				CLANG_ENABLE_MODULES = YES;
				CLANG_ENABLE_OBJC_ARC = YES;
				CLANG_ENABLE_OBJC_WEAK = YES;
				CLANG_WARN_BLOCK_CAPTURE_AUTORELEASING = YES;
				CLANG_WARN_BOOL_CONVERSION = YES;
				CLANG_WARN_COMMA = YES;
				CLANG_WARN_CONSTANT_CONVERSION = YES;
				CLANG_WARN_DEPRECATED_OBJC_IMPLEMENTATIONS = YES;
				CLANG_WARN_DIRECT_OBJC_ISA_USAGE = YES_ERROR;
				CLANG_WARN_DOCUMENTATION_COMMENTS = YES;
				CLANG_WARN_EMPTY_BODY = YES;
				CLANG_WARN_ENUM_CONVERSION = YES;
				CLANG_WARN_INFINITE_RECURSION = YES;
				CLANG_WARN_INT_CONVERSION = YES;
				CLANG_WARN_NON_LITERAL_NULL_CONVERSION = YES;
				CLANG_WARN_OBJC_IMPLICIT_RETAIN_SELF = YES;
				CLANG_WARN_OBJC_LITERAL_CONVERSION = YES;
				CLANG_WARN_OBJC_ROOT_CLASS = YES_ERROR;
				CLANG_WARN_QUOTED_INCLUDE_IN_FRAMEWORK_HEADER = YES;
				CLANG_WARN_RANGE_LOOP_ANALYSIS = YES;
				CLANG_WARN_STRICT_PROTOTYPES = YES;
				CLANG_WARN_SUSPICIOUS_MOVE = YES;
				CLANG_WARN_UNGUARDED_AVAILABILITY = YES_AGGRESSIVE;
				CLANG_WARN_UNREACHABLE_CODE = YES;
				CLANG_WARN__DUPLICATE_METHOD_MATCH = YES;
				COPY_PHASE_STRIP = NO;
				DEBUG_INFORMATION_FORMAT = dwarf;
				ENABLE_STRICT_OBJC_MSGSEND = YES;
				ENABLE_TESTABILITY = YES;
				GCC_C_LANGUAGE_STANDARD = gnu11;
				GCC_DYNAMIC_NO_PIC = NO;
				GCC_NO_COMMON_BLOCKS = YES;
				GCC_OPTIMIZATION_LEVEL = 0;
				GCC_PREPROCESSOR_DEFINITIONS = (
					"DEBUG=1",
					"$(inherited)",
				);
				GCC_WARN_64_TO_32_BIT_CONVERSION = YES;
				GCC_WARN_ABOUT_RETURN_TYPE = YES_ERROR;
				GCC_WARN_UNDECLARED_SELECTOR = YES;
				GCC_WARN_UNINITIALIZED_AUTOS = YES_AGGRESSIVE;
				GCC_WARN_UNUSED_FUNCTION = YES;
				GCC_WARN_UNUSED_VARIABLE = YES;
				IPHONEOS_DEPLOYMENT_TARGET = 15.5;
				MTL_ENABLE_DEBUG_INFO = INCLUDE_SOURCE;
				MTL_FAST_MATH = YES;
				ONLY_ACTIVE_ARCH = YES;
				SDKROOT = iphoneos;
				SWIFT_ACTIVE_COMPILATION_CONDITIONS = DEBUG;
				SWIFT_OPTIMIZATION_LEVEL = "-Onone";
			};
			name = Debug;
		};
		50AA718D286F583200BEE24A /* Release */ = {
			isa = XCBuildConfiguration;
			buildSettings = {
				ALWAYS_SEARCH_USER_PATHS = NO;
				CLANG_ANALYZER_NONNULL = YES;
				CLANG_ANALYZER_NUMBER_OBJECT_CONVERSION = YES_AGGRESSIVE;
				CLANG_CXX_LANGUAGE_STANDARD = "gnu++17";
				CLANG_ENABLE_MODULES = YES;
				CLANG_ENABLE_OBJC_ARC = YES;
				CLANG_ENABLE_OBJC_WEAK = YES;
				CLANG_WARN_BLOCK_CAPTURE_AUTORELEASING = YES;
				CLANG_WARN_BOOL_CONVERSION = YES;
				CLANG_WARN_COMMA = YES;
				CLANG_WARN_CONSTANT_CONVERSION = YES;
				CLANG_WARN_DEPRECATED_OBJC_IMPLEMENTATIONS = YES;
				CLANG_WARN_DIRECT_OBJC_ISA_USAGE = YES_ERROR;
				CLANG_WARN_DOCUMENTATION_COMMENTS = YES;
				CLANG_WARN_EMPTY_BODY = YES;
				CLANG_WARN_ENUM_CONVERSION = YES;
				CLANG_WARN_INFINITE_RECURSION = YES;
				CLANG_WARN_INT_CONVERSION = YES;
				CLANG_WARN_NON_LITERAL_NULL_CONVERSION = YES;
				CLANG_WARN_OBJC_IMPLICIT_RETAIN_SELF = YES;
				CLANG_WARN_OBJC_LITERAL_CONVERSION = YES;
				CLANG_WARN_OBJC_ROOT_CLASS = YES_ERROR;
				CLANG_WARN_QUOTED_INCLUDE_IN_FRAMEWORK_HEADER = YES;
				CLANG_WARN_RANGE_LOOP_ANALYSIS = YES;
				CLANG_WARN_STRICT_PROTOTYPES = YES;
				CLANG_WARN_SUSPICIOUS_MOVE = YES;
				CLANG_WARN_UNGUARDED_AVAILABILITY = YES_AGGRESSIVE;
				CLANG_WARN_UNREACHABLE_CODE = YES;
				CLANG_WARN__DUPLICATE_METHOD_MATCH = YES;
				COPY_PHASE_STRIP = NO;
				DEBUG_INFORMATION_FORMAT = "dwarf-with-dsym";
				ENABLE_NS_ASSERTIONS = NO;
				ENABLE_STRICT_OBJC_MSGSEND = YES;
				GCC_C_LANGUAGE_STANDARD = gnu11;
				GCC_NO_COMMON_BLOCKS = YES;
				GCC_WARN_64_TO_32_BIT_CONVERSION = YES;
				GCC_WARN_ABOUT_RETURN_TYPE = YES_ERROR;
				GCC_WARN_UNDECLARED_SELECTOR = YES;
				GCC_WARN_UNINITIALIZED_AUTOS = YES_AGGRESSIVE;
				GCC_WARN_UNUSED_FUNCTION = YES;
				GCC_WARN_UNUSED_VARIABLE = YES;
				IPHONEOS_DEPLOYMENT_TARGET = 15.5;
				MTL_ENABLE_DEBUG_INFO = NO;
				MTL_FAST_MATH = YES;
				SDKROOT = iphoneos;
				SWIFT_COMPILATION_MODE = wholemodule;
				SWIFT_OPTIMIZATION_LEVEL = "-O";
				VALIDATE_PRODUCT = YES;
			};
			name = Release;
		};
		50AA718F286F583200BEE24A /* Debug */ = {
			isa = XCBuildConfiguration;
			buildSettings = {
				ASSETCATALOG_COMPILER_APPICON_NAME = AppIcon;
				ASSETCATALOG_COMPILER_GLOBAL_ACCENT_COLOR_NAME = AccentColor;
				CODE_SIGN_STYLE = Automatic;
				CURRENT_PROJECT_VERSION = 1;
				DEVELOPMENT_ASSET_PATHS = "\"Stationmaster/Preview Content\"";
				DEVELOPMENT_TEAM = CE53774E6S;
				ENABLE_PREVIEWS = YES;
				GENERATE_INFOPLIST_FILE = YES;
				INFOPLIST_FILE = Stationmaster/Info.plist;
				INFOPLIST_KEY_LSSupportsOpeningDocumentsInPlace = YES;
				INFOPLIST_KEY_UIApplicationSceneManifest_Generation = YES;
				INFOPLIST_KEY_UIApplicationSupportsIndirectInputEvents = YES;
				INFOPLIST_KEY_UILaunchScreen_Generation = YES;
				INFOPLIST_KEY_UISupportedInterfaceOrientations_iPad = "UIInterfaceOrientationPortrait UIInterfaceOrientationPortraitUpsideDown UIInterfaceOrientationLandscapeLeft UIInterfaceOrientationLandscapeRight";
				INFOPLIST_KEY_UISupportedInterfaceOrientations_iPhone = "UIInterfaceOrientationPortrait UIInterfaceOrientationLandscapeLeft UIInterfaceOrientationLandscapeRight";
				INFOPLIST_KEY_UIUserInterfaceStyle = Light;
				LD_RUNPATH_SEARCH_PATHS = (
					"$(inherited)",
					"@executable_path/Frameworks",
				);
				MARKETING_VERSION = 1.0;
				PRODUCT_BUNDLE_IDENTIFIER = com.machx20.stationmaster.Stationmaster;
				PRODUCT_NAME = "$(TARGET_NAME)";
				SWIFT_EMIT_LOC_STRINGS = YES;
				SWIFT_VERSION = 5.0;
				TARGETED_DEVICE_FAMILY = "1,2";
			};
			name = Debug;
		};
		50AA7190286F583200BEE24A /* Release */ = {
			isa = XCBuildConfiguration;
			buildSettings = {
				ASSETCATALOG_COMPILER_APPICON_NAME = AppIcon;
				ASSETCATALOG_COMPILER_GLOBAL_ACCENT_COLOR_NAME = AccentColor;
				CODE_SIGN_STYLE = Automatic;
				CURRENT_PROJECT_VERSION = 1;
				DEVELOPMENT_ASSET_PATHS = "\"Stationmaster/Preview Content\"";
				DEVELOPMENT_TEAM = CE53774E6S;
				ENABLE_PREVIEWS = YES;
				GENERATE_INFOPLIST_FILE = YES;
				INFOPLIST_FILE = Stationmaster/Info.plist;
				INFOPLIST_KEY_LSSupportsOpeningDocumentsInPlace = YES;
				INFOPLIST_KEY_UIApplicationSceneManifest_Generation = YES;
				INFOPLIST_KEY_UIApplicationSupportsIndirectInputEvents = YES;
				INFOPLIST_KEY_UILaunchScreen_Generation = YES;
				INFOPLIST_KEY_UISupportedInterfaceOrientations_iPad = "UIInterfaceOrientationPortrait UIInterfaceOrientationPortraitUpsideDown UIInterfaceOrientationLandscapeLeft UIInterfaceOrientationLandscapeRight";
				INFOPLIST_KEY_UISupportedInterfaceOrientations_iPhone = "UIInterfaceOrientationPortrait UIInterfaceOrientationLandscapeLeft UIInterfaceOrientationLandscapeRight";
				INFOPLIST_KEY_UIUserInterfaceStyle = Light;
				LD_RUNPATH_SEARCH_PATHS = (
					"$(inherited)",
					"@executable_path/Frameworks",
				);
				MARKETING_VERSION = 1.0;
				PRODUCT_BUNDLE_IDENTIFIER = com.machx20.stationmaster.Stationmaster;
				PRODUCT_NAME = "$(TARGET_NAME)";
				SWIFT_EMIT_LOC_STRINGS = YES;
				SWIFT_VERSION = 5.0;
				TARGETED_DEVICE_FAMILY = "1,2";
			};
			name = Release;
		};
/* End XCBuildConfiguration section */

/* Begin XCConfigurationList section */
		50AA717B286F583000BEE24A /* Build configuration list for PBXProject "Stationmaster" */ = {
			isa = XCConfigurationList;
			buildConfigurations = (
				50AA718C286F583200BEE24A /* Debug */,
				50AA718D286F583200BEE24A /* Release */,
			);
			defaultConfigurationIsVisible = 0;
			defaultConfigurationName = Release;
		};
		50AA718E286F583200BEE24A /* Build configuration list for PBXNativeTarget "Stationmaster" */ = {
			isa = XCConfigurationList;
			buildConfigurations = (
				50AA718F286F583200BEE24A /* Debug */,
				50AA7190286F583200BEE24A /* Release */,
			);
			defaultConfigurationIsVisible = 0;
			defaultConfigurationName = Release;
		};
/* End XCConfigurationList section */

/* Begin XCRemoteSwiftPackageReference section */
		502BCBAF2873243E00CA0E54 /* XCRemoteSwiftPackageReference "swift-protobuf" */ = {
			isa = XCRemoteSwiftPackageReference;
			repositoryURL = "https://github.com/apple/swift-protobuf.git";
			requirement = {
				kind = upToNextMajorVersion;
				minimumVersion = 1.0.0;
			};
		};
		50704954287450990067BEDA /* XCRemoteSwiftPackageReference "ZIPFoundation" */ = {
			isa = XCRemoteSwiftPackageReference;
			repositoryURL = "https://github.com/weichsel/ZIPFoundation.git";
			requirement = {
				kind = upToNextMajorVersion;
				minimumVersion = 0.9.9;
			};
		};
/* End XCRemoteSwiftPackageReference section */

/* Begin XCSwiftPackageProductDependency section */
		502BCBB02873243E00CA0E54 /* SwiftProtobuf */ = {
			isa = XCSwiftPackageProductDependency;
			package = 502BCBAF2873243E00CA0E54 /* XCRemoteSwiftPackageReference "swift-protobuf" */;
			productName = SwiftProtobuf;
		};
		502BCBB22873243E00CA0E54 /* SwiftProtobufPluginLibrary */ = {
			isa = XCSwiftPackageProductDependency;
			package = 502BCBAF2873243E00CA0E54 /* XCRemoteSwiftPackageReference "swift-protobuf" */;
			productName = SwiftProtobufPluginLibrary;
		};
		502BCBB42873243E00CA0E54 /* protoc-gen-swift */ = {
			isa = XCSwiftPackageProductDependency;
			package = 502BCBAF2873243E00CA0E54 /* XCRemoteSwiftPackageReference "swift-protobuf" */;
			productName = "protoc-gen-swift";
		};
		50704955287450990067BEDA /* ZIPFoundation */ = {
			isa = XCSwiftPackageProductDependency;
			package = 50704954287450990067BEDA /* XCRemoteSwiftPackageReference "ZIPFoundation" */;
			productName = ZIPFoundation;
		};
/* End XCSwiftPackageProductDependency section */

/* Begin XCVersionGroup section */
		500C37DF28747AF700D6F3CD /* StationMaster.xcdatamodeld */ = {
			isa = XCVersionGroup;
			children = (
				500C37E028747AF700D6F3CD /* StationMaster.xcdatamodel */,
			);
			currentVersion = 500C37E028747AF700D6F3CD /* StationMaster.xcdatamodel */;
			path = StationMaster.xcdatamodeld;
			sourceTree = "<group>";
			versionGroupType = wrapper.xcdatamodel;
		};
/* End XCVersionGroup section */
	};
	rootObject = 50AA7178286F583000BEE24A /* Project object */;
}
