{
  "pins" : [
    {
      "identity" : "swift-protobuf",
      "kind" : "remoteSourceControl",
      "location" : "https://github.com/apple/swift-protobuf.git",
      "state" : {
        "revision" : "e1499bc69b9040b29184f7f2996f7bab467c1639",
        "version" : "1.19.0"
      }
    },
    {
      "identity" : "zipfoundation",
      "kind" : "remoteSourceControl",
      "location" : "https://github.com/weichsel/ZIPFoundation.git",
      "state" : {
        "revision" : "7254c74b49cec2cb81520523ba993c671f71b066",
        "version" : "0.9.14"
      }
    }
  ],
  "version" : 2
}
